
Microsoft Visual Studio Solution File, Format Version 12.00
# Visual Studio Version 16
VisualStudioVersion = 16.0.33423.256
MinimumVisualStudioVersion = 10.0.40219.1
Project("{8BC9CEB8-8B4A-11D0-8D11-00A0C91BC942}") = "TestProject_C", "TestProject_C\TestProject_C.vcxproj", "{AA0B76E5-99DE-4C87-97F9-E283BCF18FD4}"
EndProject
Project("{8BC9CEB8-8B4A-11D0-8D11-00A0C91BC942}") = "TestProject_C.Test", "TestProject_C.Test\TestProject_C.Test.vcxproj", "{68CAFF81-8016-420F-BB32-BC8ED25E9C0B}"
EndProject
Global
	GlobalSection(SolutionConfigurationPlatforms) = preSolution
		Debug|x64 = Debug|x64
		Debug|x86 = Debug|x86
		Release|x64 = Release|x64
		Release|x86 = Release|x86
	EndGlobalSection
	GlobalSection(ProjectConfigurationPlatforms) = postSolution
		{AA0B76E5-99DE-4C87-97F9-E283BCF18FD4}.Debug|x64.ActiveCfg = Debug|x64
		{AA0B76E5-99DE-4C87-97F9-E283BCF18FD4}.Debug|x64.Build.0 = Debug|x64
		{AA0B76E5-99DE-4C87-97F9-E283BCF18FD4}.Debug|x86.ActiveCfg = Debug|Win32
		{AA0B76E5-99DE-4C87-97F9-E283BCF18FD4}.Debug|x86.Build.0 = Debug|Win32
		{AA0B76E5-99DE-4C87-97F9-E283BCF18FD4}.Release|x64.ActiveCfg = Release|x64
		{AA0B76E5-99DE-4C87-97F9-E283BCF18FD4}.Release|x64.Build.0 = Release|x64
		{AA0B76E5-99DE-4C87-97F9-E283BCF18FD4}.Release|x86.ActiveCfg = Release|Win32
		{AA0B76E5-99DE-4C87-97F9-E283BCF18FD4}.Release|x86.Build.0 = Release|Win32
		{68CAFF81-8016-420F-BB32-BC8ED25E9C0B}.Debug|x64.ActiveCfg = Debug|x64
		{68CAFF81-8016-420F-BB32-BC8ED25E9C0B}.Debug|x64.Build.0 = Debug|x64
		{68CAFF81-8016-420F-BB32-BC8ED25E9C0B}.Debug|x86.ActiveCfg = Debug|Win32
		{68CAFF81-8016-420F-BB32-BC8ED25E9C0B}.Debug|x86.Build.0 = Debug|Win32
		{68CAFF81-8016-420F-BB32-BC8ED25E9C0B}.Release|x64.ActiveCfg = Release|x64
		{68CAFF81-8016-420F-BB32-BC8ED25E9C0B}.Release|x64.Build.0 = Release|x64
		{68CAFF81-8016-420F-BB32-BC8ED25E9C0B}.Release|x86.ActiveCfg = Release|Win32
		{68CAFF81-8016-420F-BB32-BC8ED25E9C0B}.Release|x86.Build.0 = Release|Win32
	EndGlobalSection
	GlobalSection(SolutionProperties) = preSolution
		HideSolutionNode = FALSE
	EndGlobalSection
	GlobalSection(ExtensibilityGlobals) = postSolution
		SolutionGuid = {62D1E9E0-A189-4B16-8EAE-4C6154CC38F6}
	EndGlobalSection
EndGlobal
