<?xml version="1.0" encoding="utf-8"?>
<Project ToolsVersion="4.0" xmlns="http://schemas.microsoft.com/developer/msbuild/2003">
  <ItemGroup>
    <ClCompile Include="Chapter2.cpp" />
    <ClCompile Include="LedDriverTests.cpp" />
    <ClCompile Include="LightSchedullerTests.cpp">
      <Filter>Chapter8</Filter>
    </ClCompile>
    <ClCompile Include="LightControllerSpy.c">
      <Filter>Chapter8</Filter>
    </ClCompile>
    <ClCompile Include="LightControllerSpyTest.cpp">
      <Filter>Chapter8</Filter>
    </ClCompile>
    <ClCompile Include="FakeTimeService.c">
      <Filter>Chapter8</Filter>
    </ClCompile>
    <ClCompile Include="FakeTimeServiceTest.cpp">
      <Filter>Chapter8</Filter>
    </ClCompile>
    <ClCompile Include="RandomMinuteTest.cpp">
      <Filter>Chapter 9</Filter>
    </ClCompile>
    <ClCompile Include="LightSchedulerTest_Ch9.cpp">
      <Filter>Chapter 9</Filter>
    </ClCompile>
    <ClCompile Include="FlashDriverTest.cpp">
      <Filter>Chapter 10</Filter>
    </ClCompile>
  </ItemGroup>
  <ItemGroup>
    <None Include="packages.config" />
  </ItemGroup>
  <ItemGroup>
    <Filter Include="Chapter8">
      <UniqueIdentifier>{84abd414-1670-4334-9bda-da785ea117cb}</UniqueIdentifier>
    </Filter>
    <Filter Include="Chapter 9">
      <UniqueIdentifier>{493554f7-7c5b-47cc-a7d7-c0b4b92eb19c}</UniqueIdentifier>
    </Filter>
    <Filter Include="Chapter 10">
      <UniqueIdentifier>{d14c3e78-3fea-40c3-85d9-048fd27844ad}</UniqueIdentifier>
    </Filter>
  </ItemGroup>
  <ItemGroup>
    <ClInclude Include="LightControllerSpy.h">
      <Filter>Chapter8</Filter>
    </ClInclude>
    <ClInclude Include="FakeTimeService.h">
      <Filter>Chapter8</Filter>
    </ClInclude>
    <ClInclude Include="fff.h">
      <Filter>Chapter 10</Filter>
    </ClInclude>
  </ItemGroup>
</Project>